
Microsoft Visual Studio Solution File, Format Version 12.00
# Visual Studio Version 17
VisualStudioVersion = 17.4.33103.184
MinimumVisualStudioVersion = 10.0.40219.1
Project("{FAE04EC0-301F-11D3-BF4B-00C04F79EFBC}") = "PatronObserverJC", "PatronObserverJC\PatronObserverJC.csproj", "{F95F800F-4950-4089-9AFC-A3D27BF82B95}"
EndProject
Global
	GlobalSection(SolutionConfigurationPlatforms) = preSolution
		Debug|Any CPU = Debug|Any CPU
		Release|Any CPU = Release|Any CPU
	EndGlobalSection
	GlobalSection(ProjectConfigurationPlatforms) = postSolution
		{F95F800F-4950-4089-9AFC-A3D27BF82B95}.Debug|Any CPU.ActiveCfg = Debug|Any CPU
		{F95F800F-4950-4089-9AFC-A3D27BF82B95}.Debug|Any CPU.Build.0 = Debug|Any CPU
		{F95F800F-4950-4089-9AFC-A3D27BF82B95}.Release|Any CPU.ActiveCfg = Release|Any CPU
		{F95F800F-4950-4089-9AFC-A3D27BF82B95}.Release|Any CPU.Build.0 = Release|Any CPU
	EndGlobalSection
	GlobalSection(SolutionProperties) = preSolution
		HideSolutionNode = FALSE
	EndGlobalSection
	GlobalSection(ExtensibilityGlobals) = postSolution
		SolutionGuid = {BB3E619A-28C1-45BC-AB23-C0D8ACFE247F}
	EndGlobalSection
EndGlobal
